// !$*UTF8*$!
{
	archiveVersion = 1;
	classes = {
	};
	objectVersion = 50;
	objects = {

/* Begin PBXBuildFile section */
		5E6220AB25FA090700948F23 /* AppDelegate.swift in Sources */ = {isa = PBXBuildFile; fileRef = 5E6220AA25FA090700948F23 /* AppDelegate.swift */; };
		5E6220AD25FA090700948F23 /* SceneDelegate.swift in Sources */ = {isa = PBXBuildFile; fileRef = 5E6220AC25FA090700948F23 /* SceneDelegate.swift */; };
		5E6220AF25FA090700948F23 /* ViewController.swift in Sources */ = {isa = PBXBuildFile; fileRef = 5E6220AE25FA090700948F23 /* ViewController.swift */; };
		5E6220B225FA090700948F23 /* Main.storyboard in Resources */ = {isa = PBXBuildFile; fileRef = 5E6220B025FA090700948F23 /* Main.storyboard */; };
		5E6220B425FA090A00948F23 /* Assets.xcassets in Resources */ = {isa = PBXBuildFile; fileRef = 5E6220B325FA090A00948F23 /* Assets.xcassets */; };
		5E6220B725FA090A00948F23 /* LaunchScreen.storyboard in Resources */ = {isa = PBXBuildFile; fileRef = 5E6220B525FA090A00948F23 /* LaunchScreen.storyboard */; };
		5E6220C225FA090A00948F23 /* SimpleDITests.swift in Sources */ = {isa = PBXBuildFile; fileRef = 5E6220C125FA090A00948F23 /* SimpleDITests.swift */; };
		5E6220CD25FA090A00948F23 /* SimpleDIUITests.swift in Sources */ = {isa = PBXBuildFile; fileRef = 5E6220CC25FA090A00948F23 /* SimpleDIUITests.swift */; };
/* End PBXBuildFile section */

/* Begin PBXContainerItemProxy section */
		5E6220BE25FA090A00948F23 /* PBXContainerItemProxy */ = {
			isa = PBXContainerItemProxy;
			containerPortal = 5E62209F25FA090700948F23 /* Project object */;
			proxyType = 1;
			remoteGlobalIDString = 5E6220A625FA090700948F23;
			remoteInfo = SimpleDI;
		};
		5E6220C925FA090A00948F23 /* PBXContainerItemProxy */ = {
			isa = PBXContainerItemProxy;
			containerPortal = 5E62209F25FA090700948F23 /* Project object */;
			proxyType = 1;
			remoteGlobalIDString = 5E6220A625FA090700948F23;
			remoteInfo = SimpleDI;
		};
/* End PBXContainerItemProxy section */

/* Begin PBXFileReference section */
		5E6220A725FA090700948F23 /* SimpleDI.app */ = {isa = PBXFileReference; explicitFileType = wrapper.application; includeInIndex = 0; path = SimpleDI.app; sourceTree = BUILT_PRODUCTS_DIR; };
		5E6220AA25FA090700948F23 /* AppDelegate.swift */ = {isa = PBXFileReference; lastKnownFileType = sourcecode.swift; path = AppDelegate.swift; sourceTree = "<group>"; };
		5E6220AC25FA090700948F23 /* SceneDelegate.swift */ = {isa = PBXFileReference; lastKnownFileType = sourcecode.swift; path = SceneDelegate.swift; sourceTree = "<group>"; };
		5E6220AE25FA090700948F23 /* ViewController.swift */ = {isa = PBXFileReference; lastKnownFileType = sourcecode.swift; path = ViewController.swift; sourceTree = "<group>"; };
		5E6220B125FA090700948F23 /* Base */ = {isa = PBXFileReference; lastKnownFileType = file.storyboard; name = Base; path = Base.lproj/Main.storyboard; sourceTree = "<group>"; };
		5E6220B325FA090A00948F23 /* Assets.xcassets */ = {isa = PBXFileReference; lastKnownFileType = folder.assetcatalog; path = Assets.xcassets; sourceTree = "<group>"; };
		5E6220B625FA090A00948F23 /* Base */ = {isa = PBXFileReference; lastKnownFileType = file.storyboard; name = Base; path = Base.lproj/LaunchScreen.storyboard; sourceTree = "<group>"; };
		5E6220B825FA090A00948F23 /* Info.plist */ = {isa = PBXFileReference; lastKnownFileType = text.plist.xml; path = Info.plist; sourceTree = "<group>"; };
		5E6220BD25FA090A00948F23 /* SimpleDITests.xctest */ = {isa = PBXFileReference; explicitFileType = wrapper.cfbundle; includeInIndex = 0; path = SimpleDITests.xctest; sourceTree = BUILT_PRODUCTS_DIR; };
		5E6220C125FA090A00948F23 /* SimpleDITests.swift */ = {isa = PBXFileReference; lastKnownFileType = sourcecode.swift; path = SimpleDITests.swift; sourceTree = "<group>"; };
		5E6220C325FA090A00948F23 /* Info.plist */ = {isa = PBXFileReference; lastKnownFileType = text.plist.xml; path = Info.plist; sourceTree = "<group>"; };
		5E6220C825FA090A00948F23 /* SimpleDIUITests.xctest */ = {isa = PBXFileReference; explicitFileType = wrapper.cfbundle; includeInIndex = 0; path = SimpleDIUITests.xctest; sourceTree = BUILT_PRODUCTS_DIR; };
		5E6220CC25FA090A00948F23 /* SimpleDIUITests.swift */ = {isa = PBXFileReference; lastKnownFileType = sourcecode.swift; path = SimpleDIUITests.swift; sourceTree = "<group>"; };
		5E6220CE25FA090A00948F23 /* Info.plist */ = {isa = PBXFileReference; lastKnownFileType = text.plist.xml; path = Info.plist; sourceTree = "<group>"; };
/* End PBXFileReference section */

/* Begin PBXFrameworksBuildPhase section */
		5E6220A425FA090700948F23 /* Frameworks */ = {
			isa = PBXFrameworksBuildPhase;
			buildActionMask = 2147483647;
			files = (
			);
			runOnlyForDeploymentPostprocessing = 0;
		};
		5E6220BA25FA090A00948F23 /* Frameworks */ = {
			isa = PBXFrameworksBuildPhase;
			buildActionMask = 2147483647;
			files = (
			);
			runOnlyForDeploymentPostprocessing = 0;
		};
		5E6220C525FA090A00948F23 /* Frameworks */ = {
			isa = PBXFrameworksBuildPhase;
			buildActionMask = 2147483647;
			files = (
			);
			runOnlyForDeploymentPostprocessing = 0;
		};
/* End PBXFrameworksBuildPhase section */

/* Begin PBXGroup section */
		5E62209E25FA090700948F23 = {
			isa = PBXGroup;
			children = (
				5E6220A925FA090700948F23 /* SimpleDI */,
				5E6220C025FA090A00948F23 /* SimpleDITests */,
				5E6220CB25FA090A00948F23 /* SimpleDIUITests */,
				5E6220A825FA090700948F23 /* Products */,
			);
			sourceTree = "<group>";
		};
		5E6220A825FA090700948F23 /* Products */ = {
			isa = PBXGroup;
			children = (
				5E6220A725FA090700948F23 /* SimpleDI.app */,
				5E6220BD25FA090A00948F23 /* SimpleDITests.xctest */,
				5E6220C825FA090A00948F23 /* SimpleDIUITests.xctest */,
			);
			name = Products;
			sourceTree = "<group>";
		};
		5E6220A925FA090700948F23 /* SimpleDI */ = {
			isa = PBXGroup;
			children = (
				5E6220AA25FA090700948F23 /* AppDelegate.swift */,
				5E6220AC25FA090700948F23 /* SceneDelegate.swift */,
				5E6220AE25FA090700948F23 /* ViewController.swift */,
				5E6220B025FA090700948F23 /* Main.storyboard */,
				5E6220B325FA090A00948F23 /* Assets.xcassets */,
				5E6220B525FA090A00948F23 /* LaunchScreen.storyboard */,
				5E6220B825FA090A00948F23 /* Info.plist */,
			);
			path = SimpleDI;
			sourceTree = "<group>";
		};
		5E6220C025FA090A00948F23 /* SimpleDITests */ = {
			isa = PBXGroup;
			children = (
				5E6220C125FA090A00948F23 /* SimpleDITests.swift */,
				5E6220C325FA090A00948F23 /* Info.plist */,
			);
			path = SimpleDITests;
			sourceTree = "<group>";
		};
		5E6220CB25FA090A00948F23 /* SimpleDIUITests */ = {
			isa = PBXGroup;
			children = (
				5E6220CC25FA090A00948F23 /* SimpleDIUITests.swift */,
				5E6220CE25FA090A00948F23 /* Info.plist */,
			);
			path = SimpleDIUITests;
			sourceTree = "<group>";
		};
/* End PBXGroup section */

/* Begin PBXNativeTarget section */
		5E6220A625FA090700948F23 /* SimpleDI */ = {
			isa = PBXNativeTarget;
			buildConfigurationList = 5E6220D125FA090A00948F23 /* Build configuration list for PBXNativeTarget "SimpleDI" */;
			buildPhases = (
				5E6220A325FA090700948F23 /* Sources */,
				5E6220A425FA090700948F23 /* Frameworks */,
				5E6220A525FA090700948F23 /* Resources */,
			);
			buildRules = (
			);
			dependencies = (
			);
			name = SimpleDI;
			productName = SimpleDI;
			productReference = 5E6220A725FA090700948F23 /* SimpleDI.app */;
			productType = "com.apple.product-type.application";
		};
		5E6220BC25FA090A00948F23 /* SimpleDITests */ = {
			isa = PBXNativeTarget;
			buildConfigurationList = 5E6220D425FA090A00948F23 /* Build configuration list for PBXNativeTarget "SimpleDITests" */;
			buildPhases = (
				5E6220B925FA090A00948F23 /* Sources */,
				5E6220BA25FA090A00948F23 /* Frameworks */,
				5E6220BB25FA090A00948F23 /* Resources */,
			);
			buildRules = (
			);
			dependencies = (
				5E6220BF25FA090A00948F23 /* PBXTargetDependency */,
			);
			name = SimpleDITests;
			productName = SimpleDITests;
			productReference = 5E6220BD25FA090A00948F23 /* SimpleDITests.xctest */;
			productType = "com.apple.product-type.bundle.unit-test";
		};
		5E6220C725FA090A00948F23 /* SimpleDIUITests */ = {
			isa = PBXNativeTarget;
			buildConfigurationList = 5E6220D725FA090A00948F23 /* Build configuration list for PBXNativeTarget "SimpleDIUITests" */;
			buildPhases = (
				5E6220C425FA090A00948F23 /* Sources */,
				5E6220C525FA090A00948F23 /* Frameworks */,
				5E6220C625FA090A00948F23 /* Resources */,
			);
			buildRules = (
			);
			dependencies = (
				5E6220CA25FA090A00948F23 /* PBXTargetDependency */,
			);
			name = SimpleDIUITests;
			productName = SimpleDIUITests;
			productReference = 5E6220C825FA090A00948F23 /* SimpleDIUITests.xctest */;
			productType = "com.apple.product-type.bundle.ui-testing";
		};
/* End PBXNativeTarget section */

/* Begin PBXProject section */
		5E62209F25FA090700948F23 /* Project object */ = {
			isa = PBXProject;
			attributes = {
				LastSwiftUpdateCheck = 1240;
				LastUpgradeCheck = 1240;
				TargetAttributes = {
					5E6220A625FA090700948F23 = {
						CreatedOnToolsVersion = 12.4;
					};
					5E6220BC25FA090A00948F23 = {
						CreatedOnToolsVersion = 12.4;
						TestTargetID = 5E6220A625FA090700948F23;
					};
					5E6220C725FA090A00948F23 = {
						CreatedOnToolsVersion = 12.4;
						TestTargetID = 5E6220A625FA090700948F23;
					};
				};
			};
			buildConfigurationList = 5E6220A225FA090700948F23 /* Build configuration list for PBXProject "SimpleDI" */;
			compatibilityVersion = "Xcode 9.3";
			developmentRegion = en;
			hasScannedForEncodings = 0;
			knownRegions = (
				en,
				Base,
			);
			mainGroup = 5E62209E25FA090700948F23;
			productRefGroup = 5E6220A825FA090700948F23 /* Products */;
			projectDirPath = "";
			projectRoot = "";
			targets = (
				5E6220A625FA090700948F23 /* SimpleDI */,
				5E6220BC25FA090A00948F23 /* SimpleDITests */,
				5E6220C725FA090A00948F23 /* SimpleDIUITests */,
			);
		};
/* End PBXProject section */

/* Begin PBXResourcesBuildPhase section */
		5E6220A525FA090700948F23 /* Resources */ = {
			isa = PBXResourcesBuildPhase;
			buildActionMask = 2147483647;
			files = (
				5E6220B725FA090A00948F23 /* LaunchScreen.storyboard in Resources */,
				5E6220B425FA090A00948F23 /* Assets.xcassets in Resources */,
				5E6220B225FA090700948F23 /* Main.storyboard in Resources */,
			);
			runOnlyForDeploymentPostprocessing = 0;
		};
		5E6220BB25FA090A00948F23 /* Resources */ = {
			isa = PBXResourcesBuildPhase;
			buildActionMask = 2147483647;
			files = (
			);
			runOnlyForDeploymentPostprocessing = 0;
		};
		5E6220C625FA090A00948F23 /* Resources */ = {
			isa = PBXResourcesBuildPhase;
			buildActionMask = 2147483647;
			files = (
			);
			runOnlyForDeploymentPostprocessing = 0;
		};
/* End PBXResourcesBuildPhase section */

/* Begin PBXSourcesBuildPhase section */
		5E6220A325FA090700948F23 /* Sources */ = {
			isa = PBXSourcesBuildPhase;
			buildActionMask = 2147483647;
			files = (
				5E6220AF25FA090700948F23 /* ViewController.swift in Sources */,
				5E6220AB25FA090700948F23 /* AppDelegate.swift in Sources */,
				5E6220AD25FA090700948F23 /* SceneDelegate.swift in Sources */,
			);
			runOnlyForDeploymentPostprocessing = 0;
		};
		5E6220B925FA090A00948F23 /* Sources */ = {
			isa = PBXSourcesBuildPhase;
			buildActionMask = 2147483647;
			files = (
				5E6220C225FA090A00948F23 /* SimpleDITests.swift in Sources */,
			);
			runOnlyForDeploymentPostprocessing = 0;
		};
		5E6220C425FA090A00948F23 /* Sources */ = {
			isa = PBXSourcesBuildPhase;
			buildActionMask = 2147483647;
			files = (
				5E6220CD25FA090A00948F23 /* SimpleDIUITests.swift in Sources */,
			);
			runOnlyForDeploymentPostprocessing = 0;
		};
/* End PBXSourcesBuildPhase section */

/* Begin PBXTargetDependency section */
		5E6220BF25FA090A00948F23 /* PBXTargetDependency */ = {
			isa = PBXTargetDependency;
			target = 5E6220A625FA090700948F23 /* SimpleDI */;
			targetProxy = 5E6220BE25FA090A00948F23 /* PBXContainerItemProxy */;
		};
		5E6220CA25FA090A00948F23 /* PBXTargetDependency */ = {
			isa = PBXTargetDependency;
			target = 5E6220A625FA090700948F23 /* SimpleDI */;
			targetProxy = 5E6220C925FA090A00948F23 /* PBXContainerItemProxy */;
		};
/* End PBXTargetDependency section */

/* Begin PBXVariantGroup section */
		5E6220B025FA090700948F23 /* Main.storyboard */ = {
			isa = PBXVariantGroup;
			children = (
				5E6220B125FA090700948F23 /* Base */,
			);
			name = Main.storyboard;
			sourceTree = "<group>";
		};
		5E6220B525FA090A00948F23 /* LaunchScreen.storyboard */ = {
			isa = PBXVariantGroup;
			children = (
				5E6220B625FA090A00948F23 /* Base */,
			);
			name = LaunchScreen.storyboard;
			sourceTree = "<group>";
		};
/* End PBXVariantGroup section */

/* Begin XCBuildConfiguration section */
		5E6220CF25FA090A00948F23 /* Debug */ = {
			isa = XCBuildConfiguration;
			buildSettings = {
				ALWAYS_SEARCH_USER_PATHS = NO;
				CLANG_ANALYZER_NONNULL = YES;
				CLANG_ANALYZER_NUMBER_OBJECT_CONVERSION = YES_AGGRESSIVE;
				CLANG_CXX_LANGUAGE_STANDARD = "gnu++14";
				CLANG_CXX_LIBRARY = "libc++";
				CLANG_ENABLE_MODULES = YES;
				CLANG_ENABLE_OBJC_ARC = YES;
				CLANG_ENABLE_OBJC_WEAK = YES;
				CLANG_WARN_BLOCK_CAPTURE_AUTORELEASING = YES;
				CLANG_WARN_BOOL_CONVERSION = YES;
				CLANG_WARN_COMMA = YES;
				CLANG_WARN_CONSTANT_CONVERSION = YES;
				CLANG_WARN_DEPRECATED_OBJC_IMPLEMENTATIONS = YES;
				CLANG_WARN_DIRECT_OBJC_ISA_USAGE = YES_ERROR;
				CLANG_WARN_DOCUMENTATION_COMMENTS = YES;
				CLANG_WARN_EMPTY_BODY = YES;
				CLANG_WARN_ENUM_CONVERSION = YES;
				CLANG_WARN_INFINITE_RECURSION = YES;
				CLANG_WARN_INT_CONVERSION = YES;
				CLANG_WARN_NON_LITERAL_NULL_CONVERSION = YES;
				CLANG_WARN_OBJC_IMPLICIT_RETAIN_SELF = YES;
				CLANG_WARN_OBJC_LITERAL_CONVERSION = YES;
				CLANG_WARN_OBJC_ROOT_CLASS = YES_ERROR;
				CLANG_WARN_QUOTED_INCLUDE_IN_FRAMEWORK_HEADER = YES;
				CLANG_WARN_RANGE_LOOP_ANALYSIS = YES;
				CLANG_WARN_STRICT_PROTOTYPES = YES;
				CLANG_WARN_SUSPICIOUS_MOVE = YES;
				CLANG_WARN_UNGUARDED_AVAILABILITY = YES_AGGRESSIVE;
				CLANG_WARN_UNREACHABLE_CODE = YES;
				CLANG_WARN__DUPLICATE_METHOD_MATCH = YES;
				COPY_PHASE_STRIP = NO;
				DEBUG_INFORMATION_FORMAT = dwarf;
				ENABLE_STRICT_OBJC_MSGSEND = YES;
				ENABLE_TESTABILITY = YES;
				GCC_C_LANGUAGE_STANDARD = gnu11;
				GCC_DYNAMIC_NO_PIC = NO;
				GCC_NO_COMMON_BLOCKS = YES;
				GCC_OPTIMIZATION_LEVEL = 0;
				GCC_PREPROCESSOR_DEFINITIONS = (
					"DEBUG=1",
					"$(inherited)",
				);
				GCC_WARN_64_TO_32_BIT_CONVERSION = YES;
				GCC_WARN_ABOUT_RETURN_TYPE = YES_ERROR;
				GCC_WARN_UNDECLARED_SELECTOR = YES;
				GCC_WARN_UNINITIALIZED_AUTOS = YES_AGGRESSIVE;
				GCC_WARN_UNUSED_FUNCTION = YES;
				GCC_WARN_UNUSED_VARIABLE = YES;
				IPHONEOS_DEPLOYMENT_TARGET = 14.4;
				MTL_ENABLE_DEBUG_INFO = INCLUDE_SOURCE;
				MTL_FAST_MATH = YES;
				ONLY_ACTIVE_ARCH = YES;
				SDKROOT = iphoneos;
				SWIFT_ACTIVE_COMPILATION_CONDITIONS = DEBUG;
				SWIFT_OPTIMIZATION_LEVEL = "-Onone";
			};
			name = Debug;
		};
		5E6220D025FA090A00948F23 /* Release */ = {
			isa = XCBuildConfiguration;
			buildSettings = {
				ALWAYS_SEARCH_USER_PATHS = NO;
				CLANG_ANALYZER_NONNULL = YES;
				CLANG_ANALYZER_NUMBER_OBJECT_CONVERSION = YES_AGGRESSIVE;
				CLANG_CXX_LANGUAGE_STANDARD = "gnu++14";
				CLANG_CXX_LIBRARY = "libc++";
				CLANG_ENABLE_MODULES = YES;
				CLANG_ENABLE_OBJC_ARC = YES;
				CLANG_ENABLE_OBJC_WEAK = YES;
				CLANG_WARN_BLOCK_CAPTURE_AUTORELEASING = YES;
				CLANG_WARN_BOOL_CONVERSION = YES;
				CLANG_WARN_COMMA = YES;
				CLANG_WARN_CONSTANT_CONVERSION = YES;
				CLANG_WARN_DEPRECATED_OBJC_IMPLEMENTATIONS = YES;
				CLANG_WARN_DIRECT_OBJC_ISA_USAGE = YES_ERROR;
				CLANG_WARN_DOCUMENTATION_COMMENTS = YES;
				CLANG_WARN_EMPTY_BODY = YES;
				CLANG_WARN_ENUM_CONVERSION = YES;
				CLANG_WARN_INFINITE_RECURSION = YES;
				CLANG_WARN_INT_CONVERSION = YES;
				CLANG_WARN_NON_LITERAL_NULL_CONVERSION = YES;
				CLANG_WARN_OBJC_IMPLICIT_RETAIN_SELF = YES;
				CLANG_WARN_OBJC_LITERAL_CONVERSION = YES;
				CLANG_WARN_OBJC_ROOT_CLASS = YES_ERROR;
				CLANG_WARN_QUOTED_INCLUDE_IN_FRAMEWORK_HEADER = YES;
				CLANG_WARN_RANGE_LOOP_ANALYSIS = YES;
				CLANG_WARN_STRICT_PROTOTYPES = YES;
				CLANG_WARN_SUSPICIOUS_MOVE = YES;
				CLANG_WARN_UNGUARDED_AVAILABILITY = YES_AGGRESSIVE;
				CLANG_WARN_UNREACHABLE_CODE = YES;
				CLANG_WARN__DUPLICATE_METHOD_MATCH = YES;
				COPY_PHASE_STRIP = NO;
				DEBUG_INFORMATION_FORMAT = "dwarf-with-dsym";
				ENABLE_NS_ASSERTIONS = NO;
				ENABLE_STRICT_OBJC_MSGSEND = YES;
				GCC_C_LANGUAGE_STANDARD = gnu11;
				GCC_NO_COMMON_BLOCKS = YES;
				GCC_WARN_64_TO_32_BIT_CONVERSION = YES;
				GCC_WARN_ABOUT_RETURN_TYPE = YES_ERROR;
				GCC_WARN_UNDECLARED_SELECTOR = YES;
				GCC_WARN_UNINITIALIZED_AUTOS = YES_AGGRESSIVE;
				GCC_WARN_UNUSED_FUNCTION = YES;
				GCC_WARN_UNUSED_VARIABLE = YES;
				IPHONEOS_DEPLOYMENT_TARGET = 14.4;
				MTL_ENABLE_DEBUG_INFO = NO;
				MTL_FAST_MATH = YES;
				SDKROOT = iphoneos;
				SWIFT_COMPILATION_MODE = wholemodule;
				SWIFT_OPTIMIZATION_LEVEL = "-O";
				VALIDATE_PRODUCT = YES;
			};
			name = Release;
		};
		5E6220D225FA090A00948F23 /* Debug */ = {
			isa = XCBuildConfiguration;
			buildSettings = {
				ASSETCATALOG_COMPILER_APPICON_NAME = AppIcon;
				ASSETCATALOG_COMPILER_GLOBAL_ACCENT_COLOR_NAME = AccentColor;
				CODE_SIGN_STYLE = Automatic;
				INFOPLIST_FILE = SimpleDI/Info.plist;
				LD_RUNPATH_SEARCH_PATHS = (
					"$(inherited)",
					"@executable_path/Frameworks",
				);
				PRODUCT_BUNDLE_IDENTIFIER = com.github.labibmuhajir.SimpleDI;
				PRODUCT_NAME = "$(TARGET_NAME)";
				SWIFT_VERSION = 5.0;
				TARGETED_DEVICE_FAMILY = "1,2";
			};
			name = Debug;
		};
		5E6220D325FA090A00948F23 /* Release */ = {
			isa = XCBuildConfiguration;
			buildSettings = {
				ASSETCATALOG_COMPILER_APPICON_NAME = AppIcon;
				ASSETCATALOG_COMPILER_GLOBAL_ACCENT_COLOR_NAME = AccentColor;
				CODE_SIGN_STYLE = Automatic;
				INFOPLIST_FILE = SimpleDI/Info.plist;
				LD_RUNPATH_SEARCH_PATHS = (
					"$(inherited)",
					"@executable_path/Frameworks",
				);
				PRODUCT_BUNDLE_IDENTIFIER = com.github.labibmuhajir.SimpleDI;
				PRODUCT_NAME = "$(TARGET_NAME)";
				SWIFT_VERSION = 5.0;
				TARGETED_DEVICE_FAMILY = "1,2";
			};
			name = Release;
		};
		5E6220D525FA090A00948F23 /* Debug */ = {
			isa = XCBuildConfiguration;
			buildSettings = {
				ALWAYS_EMBED_SWIFT_STANDARD_LIBRARIES = YES;
				BUNDLE_LOADER = "$(TEST_HOST)";
				CODE_SIGN_STYLE = Automatic;
				INFOPLIST_FILE = SimpleDITests/Info.plist;
				IPHONEOS_DEPLOYMENT_TARGET = 14.4;
				LD_RUNPATH_SEARCH_PATHS = (
					"$(inherited)",
					"@executable_path/Frameworks",
					"@loader_path/Frameworks",
				);
				PRODUCT_BUNDLE_IDENTIFIER = com.github.labibmuhajir.SimpleDITests;
				PRODUCT_NAME = "$(TARGET_NAME)";
				SWIFT_VERSION = 5.0;
				TARGETED_DEVICE_FAMILY = "1,2";
				TEST_HOST = "$(BUILT_PRODUCTS_DIR)/SimpleDI.app/SimpleDI";
			};
			name = Debug;
		};
		5E6220D625FA090A00948F23 /* Release */ = {
			isa = XCBuildConfiguration;
			buildSettings = {
				ALWAYS_EMBED_SWIFT_STANDARD_LIBRARIES = YES;
				BUNDLE_LOADER = "$(TEST_HOST)";
				CODE_SIGN_STYLE = Automatic;
				INFOPLIST_FILE = SimpleDITests/Info.plist;
				IPHONEOS_DEPLOYMENT_TARGET = 14.4;
				LD_RUNPATH_SEARCH_PATHS = (
					"$(inherited)",
					"@executable_path/Frameworks",
					"@loader_path/Frameworks",
				);
				PRODUCT_BUNDLE_IDENTIFIER = com.github.labibmuhajir.SimpleDITests;
				PRODUCT_NAME = "$(TARGET_NAME)";
				SWIFT_VERSION = 5.0;
				TARGETED_DEVICE_FAMILY = "1,2";
				TEST_HOST = "$(BUILT_PRODUCTS_DIR)/SimpleDI.app/SimpleDI";
			};
			name = Release;
		};
		5E6220D825FA090A00948F23 /* Debug */ = {
			isa = XCBuildConfiguration;
			buildSettings = {
				ALWAYS_EMBED_SWIFT_STANDARD_LIBRARIES = YES;
				CODE_SIGN_STYLE = Automatic;
				INFOPLIST_FILE = SimpleDIUITests/Info.plist;
				LD_RUNPATH_SEARCH_PATHS = (
					"$(inherited)",
					"@executable_path/Frameworks",
					"@loader_path/Frameworks",
				);
				PRODUCT_BUNDLE_IDENTIFIER = com.github.labibmuhajir.SimpleDIUITests;
				PRODUCT_NAME = "$(TARGET_NAME)";
				SWIFT_VERSION = 5.0;
				TARGETED_DEVICE_FAMILY = "1,2";
				TEST_TARGET_NAME = SimpleDI;
			};
			name = Debug;
		};
		5E6220D925FA090A00948F23 /* Release */ = {
			isa = XCBuildConfiguration;
			buildSettings = {
				ALWAYS_EMBED_SWIFT_STANDARD_LIBRARIES = YES;
				CODE_SIGN_STYLE = Automatic;
				INFOPLIST_FILE = SimpleDIUITests/Info.plist;
				LD_RUNPATH_SEARCH_PATHS = (
					"$(inherited)",
					"@executable_path/Frameworks",
					"@loader_path/Frameworks",
				);
				PRODUCT_BUNDLE_IDENTIFIER = com.github.labibmuhajir.SimpleDIUITests;
				PRODUCT_NAME = "$(TARGET_NAME)";
				SWIFT_VERSION = 5.0;
				TARGETED_DEVICE_FAMILY = "1,2";
				TEST_TARGET_NAME = SimpleDI;
			};
			name = Release;
		};
/* End XCBuildConfiguration section */

/* Begin XCConfigurationList section */
		5E6220A225FA090700948F23 /* Build configuration list for PBXProject "SimpleDI" */ = {
			isa = XCConfigurationList;
			buildConfigurations = (
				5E6220CF25FA090A00948F23 /* Debug */,
				5E6220D025FA090A00948F23 /* Release */,
			);
			defaultConfigurationIsVisible = 0;
			defaultConfigurationName = Release;
		};
		5E6220D125FA090A00948F23 /* Build configuration list for PBXNativeTarget "SimpleDI" */ = {
			isa = XCConfigurationList;
			buildConfigurations = (
				5E6220D225FA090A00948F23 /* Debug */,
				5E6220D325FA090A00948F23 /* Release */,
			);
			defaultConfigurationIsVisible = 0;
			defaultConfigurationName = Release;
		};
		5E6220D425FA090A00948F23 /* Build configuration list for PBXNativeTarget "SimpleDITests" */ = {
			isa = XCConfigurationList;
			buildConfigurations = (
				5E6220D525FA090A00948F23 /* Debug */,
				5E6220D625FA090A00948F23 /* Release */,
			);
			defaultConfigurationIsVisible = 0;
			defaultConfigurationName = Release;
		};
		5E6220D725FA090A00948F23 /* Build configuration list for PBXNativeTarget "SimpleDIUITests" */ = {
			isa = XCConfigurationList;
			buildConfigurations = (
				5E6220D825FA090A00948F23 /* Debug */,
				5E6220D925FA090A00948F23 /* Release */,
			);
			defaultConfigurationIsVisible = 0;
			defaultConfigurationName = Release;
		};
/* End XCConfigurationList section */
	};
	rootObject = 5E62209F25FA090700948F23 /* Project object */;
}
